<?xml version="1.0" encoding="utf-8"?>
<Project ToolsVersion="4.0" xmlns="http://schemas.microsoft.com/developer/msbuild/2003">
  <ItemGroup>
    <Filter Include="App">
      <UniqueIdentifier>{cd94259c-cd2d-40b1-a5e2-3d2d6becb19c}</UniqueIdentifier>
    </Filter>
    <Filter Include="GUI">
      <UniqueIdentifier>{dbe9f329-8e41-4a77-b38d-993e76af04f2}</UniqueIdentifier>
    </Filter>
    <Filter Include="GUI\Main Window">
      <UniqueIdentifier>{4dfa147e-3773-42e0-8c62-43eb17c69f96}</UniqueIdentifier>
    </Filter>
    <Filter Include="Processing">
      <UniqueIdentifier>{8baa457c-9358-402d-8a24-082efdbb0843}</UniqueIdentifier>
    </Filter>
    <Filter Include="Processing\Image">
      <UniqueIdentifier>{30aafe82-533a-4b01-86fc-ec6abb264e84}</UniqueIdentifier>
    </Filter>
    <Filter Include="Processing\Processor">
      <UniqueIdentifier>{7e310b13-b9eb-420a-87dd-fc3b17008232}</UniqueIdentifier>
    </Filter>
    <Filter Include="Processing\ImageHandler">
      <UniqueIdentifier>{f871a832-8b56-4768-b315-01693f04f805}</UniqueIdentifier>
    </Filter>
    <Filter Include="GUI\Image Display">
      <UniqueIdentifier>{d0dead5d-d4ed-4033-ac23-17387391f18d}</UniqueIdentifier>
    </Filter>
    <Filter Include="GUI\Image Display\ImagePanel">
      <UniqueIdentifier>{96cc56e1-fb09-4ae8-99d0-064c7f581eb0}</UniqueIdentifier>
    </Filter>
    <Filter Include="GUI\Edit List">
      <UniqueIdentifier>{d0bbebbc-7405-45a4-acc1-a3130a65d5d1}</UniqueIdentifier>
    </Filter>
    <Filter Include="GUI\Edit List\Edit List Panel">
      <UniqueIdentifier>{5919b110-647d-4536-b8fb-e6c41dc736e8}</UniqueIdentifier>
    </Filter>
    <Filter Include="GUI\Edit List\Edit Item">
      <UniqueIdentifier>{6e41f53a-aea5-4435-8c94-a8a5de334468}</UniqueIdentifier>
    </Filter>
    <Filter Include="Debugging">
      <UniqueIdentifier>{c5189e70-5404-47f9-ac04-3856307e8644}</UniqueIdentifier>
    </Filter>
    <Filter Include="GUI\Colors">
      <UniqueIdentifier>{3f7c50e9-b82a-4414-987b-873d91a78813}</UniqueIdentifier>
    </Filter>
    <Filter Include="GUI\Icons">
      <UniqueIdentifier>{a56d6e64-36fd-433f-b8d8-b73d2950e87d}</UniqueIdentifier>
    </Filter>
    <Filter Include="GUI\Edit List\Edit Selection">
      <UniqueIdentifier>{c2196757-d6b7-49ad-96ba-75d544fbc4b7}</UniqueIdentifier>
    </Filter>
    <Filter Include="GUI\Edit List\Available Edits">
      <UniqueIdentifier>{515b4f56-856a-4b9f-99bd-7d03ab5c358b}</UniqueIdentifier>
    </Filter>
    <Filter Include="GUI\Image Display\ZoomImagePanel">
      <UniqueIdentifier>{448177a1-a797-43fc-8ff8-6515159f1e5e}</UniqueIdentifier>
    </Filter>
    <Filter Include="GUI\Controls">
      <UniqueIdentifier>{12b5f6c3-64a7-4532-93fb-0b2d3029f1d2}</UniqueIdentifier>
    </Filter>
    <Filter Include="GUI\Controls\Double Slider">
      <UniqueIdentifier>{142ee05b-d801-4715-8698-a8769101ac85}</UniqueIdentifier>
    </Filter>
    <Filter Include="GUI\Edit List\Edit Window">
      <UniqueIdentifier>{c42d52d7-d5a3-4e4e-a236-9e6c0bdf06d9}</UniqueIdentifier>
    </Filter>
    <Filter Include="GUI\Edit List\Available Edits\Available Edit Windows">
      <UniqueIdentifier>{fcecefef-6be0-41d3-94a3-eef9fa49714c}</UniqueIdentifier>
    </Filter>
    <Filter Include="GUI\Edit List\Available Edits\Available Edit Windows\Contrast">
      <UniqueIdentifier>{15c973d2-3bcb-4b4f-be8a-9b4d0a84a4bd}</UniqueIdentifier>
    </Filter>
    <Filter Include="GUI\Edit List\Available Edits\Available Edit Windows\Greyscale">
      <UniqueIdentifier>{0862c298-9941-40fc-a409-6ebe76d6323b}</UniqueIdentifier>
    </Filter>
    <Filter Include="GUI\AUI Manager">
      <UniqueIdentifier>{975ed145-4266-4562-8a91-d1da79a2e9de}</UniqueIdentifier>
    </Filter>
    <Filter Include="GUI\Edit List\Available Edits\Available Edit Windows\Rotation">
      <UniqueIdentifier>{64fd5cfd-b250-42fc-88f9-e846009bdc97}</UniqueIdentifier>
    </Filter>
    <Filter Include="GUI\Edit List\Available Edits\Available Edit Windows\Mirror">
      <UniqueIdentifier>{3e3111cd-5214-44ba-8f86-9556dccceae8}</UniqueIdentifier>
    </Filter>
    <Filter Include="Spline">
      <UniqueIdentifier>{98afdffe-5c8c-4731-82ff-7bfcebbffeeb}</UniqueIdentifier>
    </Filter>
    <Filter Include="GUI\Controls\Curves Panel">
      <UniqueIdentifier>{43b2ff32-25c2-47d6-b0ba-a2a71118cfb8}</UniqueIdentifier>
    </Filter>
    <Filter Include="GUI\Edit List\Available Edits\Available Edit Windows\RGB Curves">
      <UniqueIdentifier>{d2fa990e-09ca-4496-91f8-9039f581ea46}</UniqueIdentifier>
    </Filter>
    <Filter Include="GUI\Edit List\Available Edits\Available Edit Windows\LAB Curves">
      <UniqueIdentifier>{b26d7dd9-6127-4060-8284-13abc782e238}</UniqueIdentifier>
    </Filter>
    <Filter Include="Session">
      <UniqueIdentifier>{a87f00ef-5f3d-4da3-b7fa-1d79740acc8b}</UniqueIdentifier>
    </Filter>
    <Filter Include="Session\Session Edit List">
      <UniqueIdentifier>{5f817431-a4c7-4d0e-aee5-33dfe3372bff}</UniqueIdentifier>
    </Filter>
    <Filter Include="GUI\Hisogram Display">
      <UniqueIdentifier>{647e9c21-ce4a-4d95-99a7-0aa0ac35e74a}</UniqueIdentifier>
    </Filter>
    <Filter Include="GUI\Image Display\wxImagePanel">
      <UniqueIdentifier>{370976d4-2de4-4812-b16f-91b66db2fc65}</UniqueIdentifier>
    </Filter>
    <Filter Include="GUI\Edit List\Available Edits\Available Edit Windows\Raw">
      <UniqueIdentifier>{8de73d20-78a0-4a56-a5bb-10d10712ccde}</UniqueIdentifier>
    </Filter>
    <Filter Include="GUI\Controls\Collapsible Pane">
      <UniqueIdentifier>{f3c07118-e513-4793-be0c-5a4b6f8d3a6c}</UniqueIdentifier>
    </Filter>
    <Filter Include="GUI\Edit List\Available Edits\Available Edit Windows\Channel Mixer">
      <UniqueIdentifier>{3e13dec2-a021-47e3-bf9e-6faec7bb1647}</UniqueIdentifier>
    </Filter>
    <Filter Include="GUI\Edit List\Available Edits\Available Edit Windows\Adjust Brightness">
      <UniqueIdentifier>{cb467c56-fbd7-4f53-8323-8666b846504b}</UniqueIdentifier>
    </Filter>
    <Filter Include="GUI\Edit List\Available Edits\Available Edit Windows\Adjust HSL">
      <UniqueIdentifier>{8dc6b330-1550-4cda-b9cf-e8ac49f79d50}</UniqueIdentifier>
    </Filter>
    <Filter Include="GUI\Edit List\Available Edits\Available Edit Windows\Scale">
      <UniqueIdentifier>{cd57c266-5eae-44cf-8f66-90f3d5875b75}</UniqueIdentifier>
    </Filter>
    <Filter Include="GUI\Edit List\Available Edits\Available Edit Windows\Crop">
      <UniqueIdentifier>{ae263040-26e2-4853-aca2-cab85d92c5cd}</UniqueIdentifier>
    </Filter>
    <Filter Include="GUI\Edit List\Available Edits\Available Edit Windows\HSL Curves">
      <UniqueIdentifier>{ee436ec2-11fe-4336-8d0d-917bf6e0f2cd}</UniqueIdentifier>
    </Filter>
    <Filter Include="GUI\Image Display\Zoom Image Frame">
      <UniqueIdentifier>{ca64e03e-a3eb-4a4a-b210-e4dc3c770e46}</UniqueIdentifier>
    </Filter>
    <Filter Include="GUI\SnapshotWindow">
      <UniqueIdentifier>{510e6b96-fa33-4cae-995a-892d06703105}</UniqueIdentifier>
    </Filter>
    <Filter Include="Processing\Snapshot">
      <UniqueIdentifier>{aee554a6-9f31-463d-ae6e-5d8839acea10}</UniqueIdentifier>
    </Filter>
    <Filter Include="GUI\SnapshotWindow\Snapshot Rename Dialog">
      <UniqueIdentifier>{7b417262-2420-4086-9fc6-512bb0d2e1a6}</UniqueIdentifier>
    </Filter>
    <Filter Include="Processing\Raw Error Codes">
      <UniqueIdentifier>{52782be7-b7f7-4650-9198-b6354a3d60c4}</UniqueIdentifier>
    </Filter>
    <Filter Include="GUI\About Window">
      <UniqueIdentifier>{47200a5c-8425-415f-b807-52d4ccf00ee1}</UniqueIdentifier>
    </Filter>
    <Filter Include="GUI\Export Window">
      <UniqueIdentifier>{42574900-a77c-4f00-b945-5c4e112db4b3}</UniqueIdentifier>
    </Filter>
    <Filter Include="GUI\Import Image Dialog">
      <UniqueIdentifier>{f3884e67-b828-43fb-b406-9b2991aecfd8}</UniqueIdentifier>
    </Filter>
    <Filter Include="GUI\Settings Window">
      <UniqueIdentifier>{7454ac40-37e3-495b-abf3-f5006c8f2931}</UniqueIdentifier>
    </Filter>
    <Filter Include="GUI\Pixel Peep Window">
      <UniqueIdentifier>{b6a9d933-49f0-467b-b155-cec9715c641c}</UniqueIdentifier>
    </Filter>
    <Filter Include="Resources">
      <UniqueIdentifier>{8efae2cb-afda-493a-85e4-ea7334586c7e}</UniqueIdentifier>
    </Filter>
    <Filter Include="Processing\Processor Edit">
      <UniqueIdentifier>{7226847e-aebb-4289-b367-b5eb1fb26691}</UniqueIdentifier>
    </Filter>
    <Filter Include="GUI\Library Window">
      <UniqueIdentifier>{c85dbce6-6844-4b5d-84b5-fae616d30ca8}</UniqueIdentifier>
    </Filter>
    <Filter Include="GUI\Library Window\Library Image">
      <UniqueIdentifier>{066dffb1-86f7-42b7-a1e7-34eaf66387f8}</UniqueIdentifier>
    </Filter>
    <Filter Include="GUI\Library Window\Directory Selections">
      <UniqueIdentifier>{738ac250-d89e-423e-88ac-499bdbe41c7b}</UniqueIdentifier>
    </Filter>
    <Filter Include="GUI\Supported Cameras Window">
      <UniqueIdentifier>{4cd3ece5-f54c-4b03-a823-c530951cbdd8}</UniqueIdentifier>
    </Filter>
    <Filter Include="Settings">
      <UniqueIdentifier>{81b6c7e5-f2a9-46d2-ac46-4869dfb38201}</UniqueIdentifier>
    </Filter>
    <Filter Include="GUI\Edit List\Available Edits\Available Edit Windows\Adjust RGB">
      <UniqueIdentifier>{212613a4-d050-4c78-8bba-a13bfee5ca6b}</UniqueIdentifier>
    </Filter>
    <Filter Include="GUI\Edit List\Available Edits\Available Edit Windows\Adjust LAB">
      <UniqueIdentifier>{9764147b-f381-48bd-a1c2-4cadbf414925}</UniqueIdentifier>
    </Filter>
  </ItemGroup>
  <ItemGroup>
    <ClCompile Include="..\Src\GUI\MainWindow\MainWindow.cpp">
      <Filter>GUI\Main Window</Filter>
    </ClCompile>
    <ClCompile Include="..\Src\App\PhoediX.cpp">
      <Filter>App</Filter>
    </ClCompile>
    <ClCompile Include="..\Src\Processing\Image\Image.cpp">
      <Filter>Processing\Image</Filter>
    </ClCompile>
    <ClCompile Include="..\Src\Processing\Processor\Processor.cpp">
      <Filter>Processing\Processor</Filter>
    </ClCompile>
    <ClCompile Include="..\Src\Processing\ImageHandler\ImageHandler.cpp">
      <Filter>Processing\ImageHandler</Filter>
    </ClCompile>
    <ClCompile Include="..\Src\GUI\ImageDisplay\ImagePanel\ImagePanel.cpp">
      <Filter>GUI\Image Display\ImagePanel</Filter>
    </ClCompile>
    <ClCompile Include="..\Src\GUI\EditList\EditListItem\EditListItem.cpp">
      <Filter>GUI\Edit List\Edit Item</Filter>
    </ClCompile>
    <ClCompile Include="..\Src\GUI\EditList\EditListPanel\EditListPanel.cpp">
      <Filter>GUI\Edit List\Edit List Panel</Filter>
    </ClCompile>
    <ClCompile Include="..\Src\GUI\Colors\Colors.cpp">
      <Filter>GUI\Colors</Filter>
    </ClCompile>
    <ClCompile Include="..\Src\GUI\Icons\Icons.cpp">
      <Filter>GUI\Icons</Filter>
    </ClCompile>
    <ClCompile Include="..\Src\GUI\EditList\EditSelection\EditSelection.cpp">
      <Filter>GUI\Edit List\Edit Selection</Filter>
    </ClCompile>
    <ClCompile Include="..\Src\GUI\EditList\AvailableEdits\AvailableEdits.cpp">
      <Filter>GUI\Edit List\Available Edits</Filter>
    </ClCompile>
    <ClCompile Include="..\Src\GUI\ImageDisplay\ZoomImagePanel\ZoomImagePanel.cpp">
      <Filter>GUI\Image Display\ZoomImagePanel</Filter>
    </ClCompile>
    <ClCompile Include="..\Src\GUI\Controls\DoubleSlider\DoubleSlider.cpp">
      <Filter>GUI\Controls\Double Slider</Filter>
    </ClCompile>
    <ClCompile Include="..\Src\Processing\ProcessorEdit\ProcessorEdit.cpp">
      <Filter>Processing\Processor Edit</Filter>
    </ClCompile>
    <ClCompile Include="..\Src\GUI\EditList\EditWindow\EditWindow.cpp">
      <Filter>GUI\Edit List\Edit Window</Filter>
    </ClCompile>
    <ClCompile Include="..\Src\GUI\EditList\AvailableEditWindows\ContrastWindow\ContrastWindow.cpp">
      <Filter>GUI\Edit List\Available Edits\Available Edit Windows\Contrast</Filter>
    </ClCompile>
    <ClCompile Include="..\Src\GUI\EditList\AvailableEditWindows\AvailableEditWindows.cpp">
      <Filter>GUI\Edit List\Available Edits\Available Edit Windows</Filter>
    </ClCompile>
    <ClCompile Include="..\Src\GUI\EditList\AvailableEditWindows\RotationWindow\RotationWindow.cpp">
      <Filter>GUI\Edit List\Available Edits\Available Edit Windows\Rotation</Filter>
    </ClCompile>
    <ClCompile Include="..\Src\GUI\EditList\AvailableEditWindows\MirrorWindow\MirrorWindow.cpp">
      <Filter>GUI\Edit List\Available Edits\Available Edit Windows\Mirror</Filter>
    </ClCompile>
    <ClCompile Include="..\Src\Spline\Spline.cpp">
      <Filter>Spline</Filter>
    </ClCompile>
    <ClCompile Include="..\Src\GUI\Controls\CurvesPanel\CurvesPanel.cpp">
      <Filter>GUI\Controls\Curves Panel</Filter>
    </ClCompile>
    <ClCompile Include="..\Src\GUI\EditList\AvailableEditWindows\RGBCurvesWindow\RGBCurvesWindow.cpp">
      <Filter>GUI\Edit List\Available Edits\Available Edit Windows\RGB Curves</Filter>
    </ClCompile>
    <ClCompile Include="..\Src\GUI\EditList\AvailableEditWindows\LABCurvesWindow\LABCurvesWindow.cpp">
      <Filter>GUI\Edit List\Available Edits\Available Edit Windows\LAB Curves</Filter>
    </ClCompile>
    <ClCompile Include="..\Src\Session\SessionEditList\SessionEditList.cpp">
      <Filter>Session\Session Edit List</Filter>
    </ClCompile>
    <ClCompile Include="..\Src\Session\Session.cpp">
      <Filter>Session</Filter>
    </ClCompile>
    <ClCompile Include="..\Src\GUI\HistogramDisplay\HistogramDisplay.cpp">
      <Filter>GUI\Hisogram Display</Filter>
    </ClCompile>
    <ClCompile Include="..\Src\GUI\ImageDisplay\wxImagePanel\wxImagePanel.cpp">
      <Filter>GUI\Image Display\wxImagePanel</Filter>
    </ClCompile>
    <ClCompile Include="..\src\GUI\EditList\AvailableEditWindows\RawWindow\RawWindow.cpp">
      <Filter>GUI\Edit List\Available Edits\Available Edit Windows\Raw</Filter>
    </ClCompile>
    <ClCompile Include="..\Src\GUI\Controls\CollapsiblePane\CollapsiblePane.cpp">
      <Filter>GUI\Controls\Collapsible Pane</Filter>
    </ClCompile>
    <ClCompile Include="..\Src\GUI\EditList\AvailableEditWindows\ChannelMixerWindow\ChannelMixerWindow.cpp">
      <Filter>GUI\Edit List\Available Edits\Available Edit Windows\Channel Mixer</Filter>
    </ClCompile>
    <ClCompile Include="..\Src\GUI\EditList\AvailableEditWindows\AdjustBrightnessWindow\AdjustBrightnessWindow.cpp">
      <Filter>GUI\Edit List\Available Edits\Available Edit Windows\Adjust Brightness</Filter>
    </ClCompile>
    <ClCompile Include="..\Src\GUI\EditList\AvailableEditWindows\AdjustHSLWindow\AdjustHSLWindow.cpp">
      <Filter>GUI\Edit List\Available Edits\Available Edit Windows\Adjust HSL</Filter>
    </ClCompile>
    <ClCompile Include="..\Src\GUI\EditList\AvailableEditWindows\ScaleWindow\ScaleWindow.cpp">
      <Filter>GUI\Edit List\Available Edits\Available Edit Windows\Scale</Filter>
    </ClCompile>
    <ClCompile Include="..\Src\GUI\EditList\AvailableEditWindows\CropWindow\CropWindow.cpp">
      <Filter>GUI\Edit List\Available Edits\Available Edit Windows\Crop</Filter>
    </ClCompile>
    <ClCompile Include="..\Src\GUI\EditList\AvailableEditWindows\HSLCurvesWindow\HSLCurvesWindow.cpp">
      <Filter>GUI\Edit List\Available Edits\Available Edit Windows\HSL Curves</Filter>
    </ClCompile>
    <ClCompile Include="..\Src\GUI\LibraryWindow\LibraryWindow.cpp">
      <Filter>GUI\Library Window</Filter>
    </ClCompile>
    <ClCompile Include="..\Src\GUI\LibraryWindow\LibraryImage\LibraryImage.cpp">
      <Filter>GUI\Library Window\Library Image</Filter>
    </ClCompile>
    <ClCompile Include="..\Src\GUI\ImageDisplay\ZoomImageFrame\ZoomImageFrame.cpp">
      <Filter>GUI\Image Display\Zoom Image Frame</Filter>
    </ClCompile>
    <ClCompile Include="..\Src\GUI\SnapshotWindow\SnapshotWindow.cpp">
      <Filter>GUI\SnapshotWindow</Filter>
    </ClCompile>
    <ClCompile Include="..\Src\GUI\SnapshotWindow\SnapshotRenameDialog\SnapshotRenameDialog.cpp">
      <Filter>GUI\SnapshotWindow\Snapshot Rename Dialog</Filter>
    </ClCompile>
    <ClCompile Include="..\Src\Processing\RawErrorCodes\RawError.cpp">
      <Filter>Processing\Raw Error Codes</Filter>
    </ClCompile>
    <ClCompile Include="..\Src\GUI\SupportedCamerasWindow\SupportedCamerasWindow.cpp">
      <Filter>GUI\Supported Cameras Window</Filter>
    </ClCompile>
    <ClCompile Include="..\Src\GUI\ExportWindow\ExportWindow.cpp">
      <Filter>GUI\Export Window</Filter>
    </ClCompile>
    <ClCompile Include="..\Src\GUI\AboutWindow\AboutWindow.cpp">
      <Filter>GUI\About Window</Filter>
    </ClCompile>
    <ClCompile Include="..\Src\GUI\ImportImageDialog\ImportImageDialog.cpp">
      <Filter>GUI\Import Image Dialog</Filter>
    </ClCompile>
    <ClCompile Include="..\Src\GUI\PixelPeepWindow\PixelPeepWindow.cpp">
      <Filter>GUI\Pixel Peep Window</Filter>
    </ClCompile>
    <ClCompile Include="..\Src\GUI\SettingsWindow\SettingsWindow.cpp">
      <Filter>GUI\Settings Window</Filter>
    </ClCompile>
    <ClCompile Include="..\Src\GUI\LibraryWindow\DirectorySelections\DirectorySelections.cpp">
      <Filter>GUI\Library Window\Directory Selections</Filter>
    </ClCompile>
    <ClCompile Include="..\Src\GUI\AUIManager\AUIManager.cpp">
      <Filter>GUI\AUI Manager</Filter>
    </ClCompile>
    <ClCompile Include="..\Src\GUI\EditList\AvailableEditWindows\ConvertGreyscaleWindow\ConvertGreyscaleWindow.cpp">
      <Filter>GUI\Edit List\Available Edits\Available Edit Windows\Greyscale</Filter>
    </ClCompile>
    <ClCompile Include="..\Src\Settings\Settings.cpp">
      <Filter>Settings</Filter>
    </ClCompile>
    <ClCompile Include="..\Src\GUI\EditList\AvailableEditWindows\AdjustRGBWindow\AdjustRGBWindow.cpp">
      <Filter>GUI\Edit List\Available Edits\Available Edit Windows\Adjust RGB</Filter>
    </ClCompile>
    <ClCompile Include="..\Src\GUI\EditList\AvailableEditWindows\AdjustLABWindow\AdjustLABWindow.cpp">
      <Filter>GUI\Edit List\Available Edits\Available Edit Windows\Adjust LAB</Filter>
    </ClCompile>
  </ItemGroup>
  <ItemGroup>
    <ClInclude Include="..\Src\GUI\MainWindow\MainWindow.h">
      <Filter>GUI\Main Window</Filter>
    </ClInclude>
    <ClInclude Include="..\Src\App\PhoediX.h">
      <Filter>App</Filter>
    </ClInclude>
    <ClInclude Include="..\Src\Processing\Image\Image.h">
      <Filter>Processing\Image</Filter>
    </ClInclude>
    <ClInclude Include="..\Src\Processing\Processor\Processor.h">
      <Filter>Processing\Processor</Filter>
    </ClInclude>
    <ClInclude Include="..\Src\Processing\ImageHandler\ImageHandler.h">
      <Filter>Processing\ImageHandler</Filter>
    </ClInclude>
    <ClInclude Include="..\Src\GUI\ImageDisplay\ImagePanel\ImagePanel.h">
      <Filter>GUI\Image Display\ImagePanel</Filter>
    </ClInclude>
    <ClInclude Include="..\Src\GUI\EditList\EditListItem\EditListItem.h">
      <Filter>GUI\Edit List\Edit Item</Filter>
    </ClInclude>
    <ClInclude Include="..\Src\Debugging\MemoryLeakCheck.h">
      <Filter>Debugging</Filter>
    </ClInclude>
    <ClInclude Include="..\Src\GUI\EditList\EditListPanel\EditListPanel.h">
      <Filter>GUI\Edit List\Edit List Panel</Filter>
    </ClInclude>
    <ClInclude Include="..\Src\GUI\Colors\Colors.h">
      <Filter>GUI\Colors</Filter>
    </ClInclude>
    <ClInclude Include="..\Src\GUI\Icons\up_button.h">
      <Filter>GUI\Icons</Filter>
    </ClInclude>
    <ClInclude Include="..\Src\GUI\Icons\Icons.h">
      <Filter>GUI\Icons</Filter>
    </ClInclude>
    <ClInclude Include="..\Src\GUI\Icons\down_button.h">
      <Filter>GUI\Icons</Filter>
    </ClInclude>
    <ClInclude Include="..\Src\GUI\Icons\delete_button.h">
      <Filter>GUI\Icons</Filter>
    </ClInclude>
    <ClInclude Include="..\Src\GUI\EditList\EditSelection\EditSelection.h">
      <Filter>GUI\Edit List\Edit Selection</Filter>
    </ClInclude>
    <ClInclude Include="..\Src\GUI\EditList\AvailableEdits\AvailableEdits.h">
      <Filter>GUI\Edit List\Available Edits</Filter>
    </ClInclude>
    <ClInclude Include="..\Src\GUI\ImageDisplay\ZoomImagePanel\ZoomImagePanel.h">
      <Filter>GUI\Image Display\ZoomImagePanel</Filter>
    </ClInclude>
    <ClInclude Include="..\Src\GUI\Controls\DoubleSlider\DoubleSlider.h">
      <Filter>GUI\Controls\Double Slider</Filter>
    </ClInclude>
    <ClInclude Include="..\Src\Processing\ProcessorEdit\ProcessorEdit.h">
      <Filter>Processing\Processor Edit</Filter>
    </ClInclude>
    <ClInclude Include="..\Src\GUI\EditList\EditWindow\EditWindow.h">
      <Filter>GUI\Edit List\Edit Window</Filter>
    </ClInclude>
    <ClInclude Include="..\Src\GUI\EditList\AvailableEditWindows\AvailableEditWindows.h">
      <Filter>GUI\Edit List\Available Edits\Available Edit Windows</Filter>
    </ClInclude>
    <ClInclude Include="..\Src\GUI\EditList\AvailableEditWindows\ContrastWindow\ContrastWindow.h">
      <Filter>GUI\Edit List\Available Edits\Available Edit Windows\Contrast</Filter>
    </ClInclude>
    <ClInclude Include="..\Src\GUI\EditList\AvailableEditWindows\RotationWindow\RotationWindow.h">
      <Filter>GUI\Edit List\Available Edits\Available Edit Windows\Rotation</Filter>
    </ClInclude>
    <ClInclude Include="..\Src\GUI\EditList\AvailableEditWindows\MirrorWindow\MirrorWindow.h">
      <Filter>GUI\Edit List\Available Edits\Available Edit Windows\Mirror</Filter>
    </ClInclude>
    <ClInclude Include="..\Src\Spline\Spline.h">
      <Filter>Spline</Filter>
    </ClInclude>
    <ClInclude Include="..\Src\GUI\Controls\CurvesPanel\CurvesPanel.h">
      <Filter>GUI\Controls\Curves Panel</Filter>
    </ClInclude>
    <ClInclude Include="..\Src\GUI\EditList\AvailableEditWindows\RGBCurvesWindow\RGBCurvesWindow.h">
      <Filter>GUI\Edit List\Available Edits\Available Edit Windows\RGB Curves</Filter>
    </ClInclude>
    <ClInclude Include="..\Src\GUI\EditList\AvailableEditWindows\LABCurvesWindow\LABCurvesWindow.h">
      <Filter>GUI\Edit List\Available Edits\Available Edit Windows\LAB Curves</Filter>
    </ClInclude>
    <ClInclude Include="..\Src\Session\Session.h">
      <Filter>Session</Filter>
    </ClInclude>
    <ClInclude Include="..\Src\Session\SessionEditList\SessionEditList.h">
      <Filter>Session\Session Edit List</Filter>
    </ClInclude>
    <ClInclude Include="..\Src\GUI\HistogramDisplay\HistogramDisplay.h">
      <Filter>GUI\Hisogram Display</Filter>
    </ClInclude>
    <ClInclude Include="..\Src\GUI\ImageDisplay\wxImagePanel\wxImagePanel.h">
      <Filter>GUI\Image Display\wxImagePanel</Filter>
    </ClInclude>
    <ClInclude Include="..\src\GUI\EditList\AvailableEditWindows\RawWindow\RawWindow.h">
      <Filter>GUI\Edit List\Available Edits\Available Edit Windows\Raw</Filter>
    </ClInclude>
    <ClInclude Include="..\src\GUI\Icons\disable_button.h">
      <Filter>GUI\Icons</Filter>
    </ClInclude>
    <ClInclude Include="..\Src\GUI\Controls\CollapsiblePane\CollapsiblePane.h">
      <Filter>GUI\Controls\Collapsible Pane</Filter>
    </ClInclude>
    <ClInclude Include="..\Src\GUI\EditList\AvailableEditWindows\ChannelMixerWindow\ChannelMixerWindow.h">
      <Filter>GUI\Edit List\Available Edits\Available Edit Windows\Channel Mixer</Filter>
    </ClInclude>
    <ClInclude Include="..\Src\GUI\EditList\AvailableEditWindows\AdjustBrightnessWindow\AdjustBrightnessWindow.h">
      <Filter>GUI\Edit List\Available Edits\Available Edit Windows\Adjust Brightness</Filter>
    </ClInclude>
    <ClInclude Include="..\Src\GUI\EditList\AvailableEditWindows\AdjustHSLWindow\AdjustHSLWindow.h">
      <Filter>GUI\Edit List\Available Edits\Available Edit Windows\Adjust HSL</Filter>
    </ClInclude>
    <ClInclude Include="..\Src\GUI\Icons\Splash.h">
      <Filter>GUI\Icons</Filter>
    </ClInclude>
    <ClInclude Include="..\Src\GUI\EditList\AvailableEditWindows\ScaleWindow\ScaleWindow.h">
      <Filter>GUI\Edit List\Available Edits\Available Edit Windows\Scale</Filter>
    </ClInclude>
    <ClInclude Include="..\Src\GUI\EditList\AvailableEditWindows\CropWindow\CropWindow.h">
      <Filter>GUI\Edit List\Available Edits\Available Edit Windows\Crop</Filter>
    </ClInclude>
    <ClInclude Include="..\Src\GUI\EditList\AvailableEditWindows\HSLCurvesWindow\HSLCurvesWindow.h">
      <Filter>GUI\Edit List\Available Edits\Available Edit Windows\HSL Curves</Filter>
    </ClInclude>
    <ClInclude Include="..\Src\GUI\LibraryWindow\LibraryWindow.h">
      <Filter>GUI\Library Window</Filter>
    </ClInclude>
    <ClInclude Include="..\Src\GUI\LibraryWindow\LibraryImage\LibraryImage.h">
      <Filter>GUI\Library Window\Library Image</Filter>
    </ClInclude>
    <ClInclude Include="..\Src\GUI\LibraryWindow\DirectorySelections\DirectorySelections.h">
      <Filter>GUI\Library Window\Directory Selections</Filter>
    </ClInclude>
    <ClInclude Include="..\Src\GUI\ImageDisplay\ZoomImageFrame\ZoomImageFrame.h">
      <Filter>GUI\Image Display\Zoom Image Frame</Filter>
    </ClInclude>
    <ClInclude Include="..\Src\GUI\SnapshotWindow\SnapshotWindow.h">
      <Filter>GUI\SnapshotWindow</Filter>
    </ClInclude>
    <ClInclude Include="..\Src\Processing\Snapshot\Snapshot.h">
      <Filter>Processing\Snapshot</Filter>
    </ClInclude>
    <ClInclude Include="..\Src\GUI\SnapshotWindow\SnapshotRenameDialog\SnapshotRenameDialog.h">
      <Filter>GUI\SnapshotWindow\Snapshot Rename Dialog</Filter>
    </ClInclude>
    <ClInclude Include="..\Src\Processing\RawErrorCodes\RawError.h">
      <Filter>Processing\Raw Error Codes</Filter>
    </ClInclude>
    <ClInclude Include="..\Src\GUI\SupportedCamerasWindow\SupportedCamerasWindow.h">
      <Filter>GUI\Supported Cameras Window</Filter>
    </ClInclude>
    <ClInclude Include="..\Src\GUI\ExportWindow\ExportWindow.h">
      <Filter>GUI\Export Window</Filter>
    </ClInclude>
    <ClInclude Include="..\Src\GUI\AboutWindow\AboutWindow.h">
      <Filter>GUI\About Window</Filter>
    </ClInclude>
    <ClInclude Include="..\Src\GUI\ImportImageDialog\ImportImageDialog.h">
      <Filter>GUI\Import Image Dialog</Filter>
    </ClInclude>
    <ClInclude Include="..\Src\GUI\PixelPeepWindow\PixelPeepWindow.h">
      <Filter>GUI\Pixel Peep Window</Filter>
    </ClInclude>
    <ClInclude Include="..\Src\GUI\SettingsWindow\SettingsWindow.h">
      <Filter>GUI\Settings Window</Filter>
    </ClInclude>
    <ClInclude Include="resource.h">
      <Filter>Resources</Filter>
    </ClInclude>
    <ClInclude Include="..\Src\GUI\AUIManager\AUIManager.h">
      <Filter>GUI\AUI Manager</Filter>
    </ClInclude>
    <ClInclude Include="..\Src\GUI\EditList\AvailableEditWindows\ConvertGreyscaleWindow\ConvertGreyscaleWindow.h">
      <Filter>GUI\Edit List\Available Edits\Available Edit Windows\Greyscale</Filter>
    </ClInclude>
    <ClInclude Include="..\Src\Settings\Settings.h">
      <Filter>Settings</Filter>
    </ClInclude>
    <ClInclude Include="..\Src\GUI\EditList\AvailableEditWindows\ShiftRGBWindow\AdjustRGBWindow.h">
      <Filter>GUI\Edit List\Available Edits\Available Edit Windows\Adjust RGB</Filter>
    </ClInclude>
    <ClInclude Include="..\Src\GUI\EditList\AvailableEditWindows\AdjustLABWindow\AdjustLABWindow.h">
      <Filter>GUI\Edit List\Available Edits\Available Edit Windows\Adjust LAB</Filter>
    </ClInclude>
  </ItemGroup>
  <ItemGroup>
    <ResourceCompile Include="PhoediX.rc">
      <Filter>Resources</Filter>
    </ResourceCompile>
  </ItemGroup>
  <ItemGroup>
    <Image Include="..\Icon\px.ico">
      <Filter>Resources</Filter>
    </Image>
  </ItemGroup>
</Project>